
Microsoft Visual Studio Solution File, Format Version 12.00
# Visual Studio Version 17
VisualStudioVersion = 17.4.33205.214
MinimumVisualStudioVersion = 10.0.40219.1
Project("{FAE04EC0-301F-11D3-BF4B-00C04F79EFBC}") = "FizzBuzz.Tests", "FizzBuzz.Tests\FizzBuzz.Tests.csproj", "{D54F9E18-C879-4A63-A599-86F4B7D9D77F}"
EndProject
Project("{FAE04EC0-301F-11D3-BF4B-00C04F79EFBC}") = "FizzBuzz", "FizzBuzz\FizzBuzz.csproj", "{EE89BDC6-C611-4372-8B8E-8BB9D1FDEE87}"
EndProject
Global
	GlobalSection(SolutionConfigurationPlatforms) = preSolution
		Debug|Any CPU = Debug|Any CPU
		Release|Any CPU = Release|Any CPU
	EndGlobalSection
	GlobalSection(ProjectConfigurationPlatforms) = postSolution
		{D54F9E18-C879-4A63-A599-86F4B7D9D77F}.Debug|Any CPU.ActiveCfg = Debug|Any CPU
		{D54F9E18-C879-4A63-A599-86F4B7D9D77F}.Debug|Any CPU.Build.0 = Debug|Any CPU
		{D54F9E18-C879-4A63-A599-86F4B7D9D77F}.Release|Any CPU.ActiveCfg = Release|Any CPU
		{D54F9E18-C879-4A63-A599-86F4B7D9D77F}.Release|Any CPU.Build.0 = Release|Any CPU
		{EE89BDC6-C611-4372-8B8E-8BB9D1FDEE87}.Debug|Any CPU.ActiveCfg = Debug|Any CPU
		{EE89BDC6-C611-4372-8B8E-8BB9D1FDEE87}.Debug|Any CPU.Build.0 = Debug|Any CPU
		{EE89BDC6-C611-4372-8B8E-8BB9D1FDEE87}.Release|Any CPU.ActiveCfg = Release|Any CPU
		{EE89BDC6-C611-4372-8B8E-8BB9D1FDEE87}.Release|Any CPU.Build.0 = Release|Any CPU
	EndGlobalSection
	GlobalSection(SolutionProperties) = preSolution
		HideSolutionNode = FALSE
	EndGlobalSection
	GlobalSection(ExtensibilityGlobals) = postSolution
		SolutionGuid = {7D11485F-E6E2-425E-B2B2-98C001694C82}
	EndGlobalSection
EndGlobal
